PODS:
  - AWSCore (2.4.2)
  - AWSS3 (2.4.2):
    - AWSCore (= 2.4.2)

DEPENDENCIES:
  - AWSCore
  - AWSS3

SPEC CHECKSUMS:
  AWSCore: 08cc4318682a518ad73e452900336ba54e823e03
  AWSS3: 21bbd5d41eb175bf2fd371dc8af5339752f7f5b7

PODFILE CHECKSUM: fee5f2c55829c440d5bea81c02bf19b028541336

COCOAPODS: 1.4.0.rc.1
