// !$*UTF8*$!
{
	archiveVersion = 1;
	classes = {
	};
	objectVersion = 46;
	objects = {

/* Begin PBXBuildFile section */
		B9F40FF91CF2C71E0073E9D9 /* AppDelegate.swift in Sources */ = {isa = PBXBuildFile; fileRef = B9F40FF81CF2C71E0073E9D9 /* AppDelegate.swift */; };
		B9F40FFB1CF2C71E0073E9D9 /* ViewController.swift in Sources */ = {isa = PBXBuildFile; fileRef = B9F40FFA1CF2C71E0073E9D9 /* ViewController.swift */; };
		B9F40FFE1CF2C71E0073E9D9 /* Main.storyboard in Resources */ = {isa = PBXBuildFile; fileRef = B9F40FFC1CF2C71E0073E9D9 /* Main.storyboard */; };
		B9F410001CF2C71E0073E9D9 /* Assets.xcassets in Resources */ = {isa = PBXBuildFile; fileRef = B9F40FFF1CF2C71E0073E9D9 /* Assets.xcassets */; };
		B9F410031CF2C71E0073E9D9 /* LaunchScreen.storyboard in Resources */ = {isa = PBXBuildFile; fileRef = B9F410011CF2C71E0073E9D9 /* LaunchScreen.storyboard */; };
		B9F4100E1CF2C71E0073E9D9 /* AWS_UploadImageTests.swift in Sources */ = {isa = PBXBuildFile; fileRef = B9F4100D1CF2C71E0073E9D9 /* AWS_UploadImageTests.swift */; };
		B9F410191CF2C71E0073E9D9 /* AWS_UploadImageUITests.swift in Sources */ = {isa = PBXBuildFile; fileRef = B9F410181CF2C71E0073E9D9 /* AWS_UploadImageUITests.swift */; };
		B9F410291CF2D9610073E9D9 /* test.jpg in Resources */ = {isa = PBXBuildFile; fileRef = B9F410281CF2D9610073E9D9 /* test.jpg */; };
		E2922AA3B1568932DAA2D773 /* Pods_AWS_UploadImage.framework in Frameworks */ = {isa = PBXBuildFile; fileRef = F418C0B08FB880CDF5CAAD2B /* Pods_AWS_UploadImage.framework */; };
/* End PBXBuildFile section */

/* Begin PBXContainerItemProxy section */
		B9F4100A1CF2C71E0073E9D9 /* PBXContainerItemProxy */ = {
			isa = PBXContainerItemProxy;
			containerPortal = B9F40FED1CF2C71E0073E9D9 /* Project object */;
			proxyType = 1;
			remoteGlobalIDString = B9F40FF41CF2C71E0073E9D9;
			remoteInfo = AWS_UploadImage;
		};
		B9F410151CF2C71E0073E9D9 /* PBXContainerItemProxy */ = {
			isa = PBXContainerItemProxy;
			containerPortal = B9F40FED1CF2C71E0073E9D9 /* Project object */;
			proxyType = 1;
			remoteGlobalIDString = B9F40FF41CF2C71E0073E9D9;
			remoteInfo = AWS_UploadImage;
		};
/* End PBXContainerItemProxy section */

/* Begin PBXFileReference section */
		20975A8FC965DE786BD5209A /* Pods-AWS_UploadImage.debug.xcconfig */ = {isa = PBXFileReference; includeInIndex = 1; lastKnownFileType = text.xcconfig; name = "Pods-AWS_UploadImage.debug.xcconfig"; path = "Pods/Target Support Files/Pods-AWS_UploadImage/Pods-AWS_UploadImage.debug.xcconfig"; sourceTree = "<group>"; };
		2B58B1E8CEFD8E278AA32F65 /* Pods-AWS_UploadImage.release.xcconfig */ = {isa = PBXFileReference; includeInIndex = 1; lastKnownFileType = text.xcconfig; name = "Pods-AWS_UploadImage.release.xcconfig"; path = "Pods/Target Support Files/Pods-AWS_UploadImage/Pods-AWS_UploadImage.release.xcconfig"; sourceTree = "<group>"; };
		B9F40FF51CF2C71E0073E9D9 /* AWS_UploadImage.app */ = {isa = PBXFileReference; explicitFileType = wrapper.application; includeInIndex = 0; path = AWS_UploadImage.app; sourceTree = BUILT_PRODUCTS_DIR; };
		B9F40FF81CF2C71E0073E9D9 /* AppDelegate.swift */ = {isa = PBXFileReference; lastKnownFileType = sourcecode.swift; path = AppDelegate.swift; sourceTree = "<group>"; };
		B9F40FFA1CF2C71E0073E9D9 /* ViewController.swift */ = {isa = PBXFileReference; lastKnownFileType = sourcecode.swift; path = ViewController.swift; sourceTree = "<group>"; };
		B9F40FFD1CF2C71E0073E9D9 /* Base */ = {isa = PBXFileReference; lastKnownFileType = file.storyboard; name = Base; path = Base.lproj/Main.storyboard; sourceTree = "<group>"; };
		B9F40FFF1CF2C71E0073E9D9 /* Assets.xcassets */ = {isa = PBXFileReference; lastKnownFileType = folder.assetcatalog; path = Assets.xcassets; sourceTree = "<group>"; };
		B9F410021CF2C71E0073E9D9 /* Base */ = {isa = PBXFileReference; lastKnownFileType = file.storyboard; name = Base; path = Base.lproj/LaunchScreen.storyboard; sourceTree = "<group>"; };
		B9F410041CF2C71E0073E9D9 /* Info.plist */ = {isa = PBXFileReference; lastKnownFileType = text.plist.xml; path = Info.plist; sourceTree = "<group>"; };
		B9F410091CF2C71E0073E9D9 /* AWS_UploadImageTests.xctest */ = {isa = PBXFileReference; explicitFileType = wrapper.cfbundle; includeInIndex = 0; path = AWS_UploadImageTests.xctest; sourceTree = BUILT_PRODUCTS_DIR; };
		B9F4100D1CF2C71E0073E9D9 /* AWS_UploadImageTests.swift */ = {isa = PBXFileReference; lastKnownFileType = sourcecode.swift; path = AWS_UploadImageTests.swift; sourceTree = "<group>"; };
		B9F4100F1CF2C71E0073E9D9 /* Info.plist */ = {isa = PBXFileReference; lastKnownFileType = text.plist.xml; path = Info.plist; sourceTree = "<group>"; };
		B9F410141CF2C71E0073E9D9 /* AWS_UploadImageUITests.xctest */ = {isa = PBXFileReference; explicitFileType = wrapper.cfbundle; includeInIndex = 0; path = AWS_UploadImageUITests.xctest; sourceTree = BUILT_PRODUCTS_DIR; };
		B9F410181CF2C71E0073E9D9 /* AWS_UploadImageUITests.swift */ = {isa = PBXFileReference; lastKnownFileType = sourcecode.swift; path = AWS_UploadImageUITests.swift; sourceTree = "<group>"; };
		B9F4101A1CF2C71E0073E9D9 /* Info.plist */ = {isa = PBXFileReference; lastKnownFileType = text.plist.xml; path = Info.plist; sourceTree = "<group>"; };
		B9F410271CF2D5B30073E9D9 /* AWS_UploadImage-Bridge-Header.h */ = {isa = PBXFileReference; fileEncoding = 4; lastKnownFileType = sourcecode.c.h; path = "AWS_UploadImage-Bridge-Header.h"; sourceTree = "<group>"; };
		B9F410281CF2D9610073E9D9 /* test.jpg */ = {isa = PBXFileReference; lastKnownFileType = image.jpeg; path = test.jpg; sourceTree = "<group>"; };
		CC3F89CF966926B2C511FE57 /* Pods.framework */ = {isa = PBXFileReference; explicitFileType = wrapper.framework; includeInIndex = 0; path = Pods.framework; sourceTree = BUILT_PRODUCTS_DIR; };
		F418C0B08FB880CDF5CAAD2B /* Pods_AWS_UploadImage.framework */ = {isa = PBXFileReference; explicitFileType = wrapper.framework; includeInIndex = 0; path = Pods_AWS_UploadImage.framework; sourceTree = BUILT_PRODUCTS_DIR; };
/* End PBXFileReference section */

/* Begin PBXFrameworksBuildPhase section */
		B9F40FF21CF2C71E0073E9D9 /* Frameworks */ = {
			isa = PBXFrameworksBuildPhase;
			buildActionMask = 2147483647;
			files = (
				E2922AA3B1568932DAA2D773 /* Pods_AWS_UploadImage.framework in Frameworks */,
			);
			runOnlyForDeploymentPostprocessing = 0;
		};
		B9F410061CF2C71E0073E9D9 /* Frameworks */ = {
			isa = PBXFrameworksBuildPhase;
			buildActionMask = 2147483647;
			files = (
			);
			runOnlyForDeploymentPostprocessing = 0;
		};
		B9F410111CF2C71E0073E9D9 /* Frameworks */ = {
			isa = PBXFrameworksBuildPhase;
			buildActionMask = 2147483647;
			files = (
			);
			runOnlyForDeploymentPostprocessing = 0;
		};
/* End PBXFrameworksBuildPhase section */

/* Begin PBXGroup section */
		60BE8B4B9A33B802E5108943 /* Pods */ = {
			isa = PBXGroup;
			children = (
				20975A8FC965DE786BD5209A /* Pods-AWS_UploadImage.debug.xcconfig */,
				2B58B1E8CEFD8E278AA32F65 /* Pods-AWS_UploadImage.release.xcconfig */,
			);
			name = Pods;
			sourceTree = "<group>";
		};
		981CDB9A12F8D85CBBFC4B58 /* Frameworks */ = {
			isa = PBXGroup;
			children = (
				CC3F89CF966926B2C511FE57 /* Pods.framework */,
				F418C0B08FB880CDF5CAAD2B /* Pods_AWS_UploadImage.framework */,
			);
			name = Frameworks;
			sourceTree = "<group>";
		};
		B9F40FEC1CF2C71E0073E9D9 = {
			isa = PBXGroup;
			children = (
				B9F40FF71CF2C71E0073E9D9 /* AWS_UploadImage */,
				B9F4100C1CF2C71E0073E9D9 /* AWS_UploadImageTests */,
				B9F410171CF2C71E0073E9D9 /* AWS_UploadImageUITests */,
				B9F40FF61CF2C71E0073E9D9 /* Products */,
				981CDB9A12F8D85CBBFC4B58 /* Frameworks */,
				60BE8B4B9A33B802E5108943 /* Pods */,
			);
			sourceTree = "<group>";
		};
		B9F40FF61CF2C71E0073E9D9 /* Products */ = {
			isa = PBXGroup;
			children = (
				B9F40FF51CF2C71E0073E9D9 /* AWS_UploadImage.app */,
				B9F410091CF2C71E0073E9D9 /* AWS_UploadImageTests.xctest */,
				B9F410141CF2C71E0073E9D9 /* AWS_UploadImageUITests.xctest */,
			);
			name = Products;
			sourceTree = "<group>";
		};
		B9F40FF71CF2C71E0073E9D9 /* AWS_UploadImage */ = {
			isa = PBXGroup;
			children = (
				B9F410271CF2D5B30073E9D9 /* AWS_UploadImage-Bridge-Header.h */,
				B9F410281CF2D9610073E9D9 /* test.jpg */,
				B9F40FF81CF2C71E0073E9D9 /* AppDelegate.swift */,
				B9F40FFA1CF2C71E0073E9D9 /* ViewController.swift */,
				B9F40FFC1CF2C71E0073E9D9 /* Main.storyboard */,
				B9F40FFF1CF2C71E0073E9D9 /* Assets.xcassets */,
				B9F410011CF2C71E0073E9D9 /* LaunchScreen.storyboard */,
				B9F410041CF2C71E0073E9D9 /* Info.plist */,
			);
			path = AWS_UploadImage;
			sourceTree = "<group>";
		};
		B9F4100C1CF2C71E0073E9D9 /* AWS_UploadImageTests */ = {
			isa = PBXGroup;
			children = (
				B9F4100D1CF2C71E0073E9D9 /* AWS_UploadImageTests.swift */,
				B9F4100F1CF2C71E0073E9D9 /* Info.plist */,
			);
			path = AWS_UploadImageTests;
			sourceTree = "<group>";
		};
		B9F410171CF2C71E0073E9D9 /* AWS_UploadImageUITests */ = {
			isa = PBXGroup;
			children = (
				B9F410181CF2C71E0073E9D9 /* AWS_UploadImageUITests.swift */,
				B9F4101A1CF2C71E0073E9D9 /* Info.plist */,
			);
			path = AWS_UploadImageUITests;
			sourceTree = "<group>";
		};
/* End PBXGroup section */

/* Begin PBXNativeTarget section */
		B9F40FF41CF2C71E0073E9D9 /* AWS_UploadImage */ = {
			isa = PBXNativeTarget;
			buildConfigurationList = B9F4101D1CF2C71E0073E9D9 /* Build configuration list for PBXNativeTarget "AWS_UploadImage" */;
			buildPhases = (
				8F063D9763715EFC2C3CDF08 /* [CP] Check Pods Manifest.lock */,
				B9F40FF11CF2C71E0073E9D9 /* Sources */,
				B9F40FF21CF2C71E0073E9D9 /* Frameworks */,
				B9F40FF31CF2C71E0073E9D9 /* Resources */,
				3E0CAB57DAAFE409CC3B68A4 /* [CP] Embed Pods Frameworks */,
				AF847EA655706F045C1879DF /* [CP] Copy Pods Resources */,
			);
			buildRules = (
			);
			dependencies = (
			);
			name = AWS_UploadImage;
			productName = AWS_UploadImage;
			productReference = B9F40FF51CF2C71E0073E9D9 /* AWS_UploadImage.app */;
			productType = "com.apple.product-type.application";
		};
		B9F410081CF2C71E0073E9D9 /* AWS_UploadImageTests */ = {
			isa = PBXNativeTarget;
			buildConfigurationList = B9F410201CF2C71E0073E9D9 /* Build configuration list for PBXNativeTarget "AWS_UploadImageTests" */;
			buildPhases = (
				B9F410051CF2C71E0073E9D9 /* Sources */,
				B9F410061CF2C71E0073E9D9 /* Frameworks */,
				B9F410071CF2C71E0073E9D9 /* Resources */,
			);
			buildRules = (
			);
			dependencies = (
				B9F4100B1CF2C71E0073E9D9 /* PBXTargetDependency */,
			);
			name = AWS_UploadImageTests;
			productName = AWS_UploadImageTests;
			productReference = B9F410091CF2C71E0073E9D9 /* AWS_UploadImageTests.xctest */;
			productType = "com.apple.product-type.bundle.unit-test";
		};
		B9F410131CF2C71E0073E9D9 /* AWS_UploadImageUITests */ = {
			isa = PBXNativeTarget;
			buildConfigurationList = B9F410231CF2C71E0073E9D9 /* Build configuration list for PBXNativeTarget "AWS_UploadImageUITests" */;
			buildPhases = (
				B9F410101CF2C71E0073E9D9 /* Sources */,
				B9F410111CF2C71E0073E9D9 /* Frameworks */,
				B9F410121CF2C71E0073E9D9 /* Resources */,
			);
			buildRules = (
			);
			dependencies = (
				B9F410161CF2C71E0073E9D9 /* PBXTargetDependency */,
			);
			name = AWS_UploadImageUITests;
			productName = AWS_UploadImageUITests;
			productReference = B9F410141CF2C71E0073E9D9 /* AWS_UploadImageUITests.xctest */;
			productType = "com.apple.product-type.bundle.ui-testing";
		};
/* End PBXNativeTarget section */

/* Begin PBXProject section */
		B9F40FED1CF2C71E0073E9D9 /* Project object */ = {
			isa = PBXProject;
			attributes = {
				LastSwiftUpdateCheck = 0730;
				LastUpgradeCheck = 0730;
				ORGANIZATIONNAME = harvey;
				TargetAttributes = {
					B9F40FF41CF2C71E0073E9D9 = {
						CreatedOnToolsVersion = 7.3;
						DevelopmentTeam = F29MNDM4PA;
					};
					B9F410081CF2C71E0073E9D9 = {
						CreatedOnToolsVersion = 7.3;
						TestTargetID = B9F40FF41CF2C71E0073E9D9;
					};
					B9F410131CF2C71E0073E9D9 = {
						CreatedOnToolsVersion = 7.3;
						TestTargetID = B9F40FF41CF2C71E0073E9D9;
					};
				};
			};
			buildConfigurationList = B9F40FF01CF2C71E0073E9D9 /* Build configuration list for PBXProject "AWS_UploadImage" */;
			compatibilityVersion = "Xcode 3.2";
			developmentRegion = English;
			hasScannedForEncodings = 0;
			knownRegions = (
				en,
				Base,
			);
			mainGroup = B9F40FEC1CF2C71E0073E9D9;
			productRefGroup = B9F40FF61CF2C71E0073E9D9 /* Products */;
			projectDirPath = "";
			projectRoot = "";
			targets = (
				B9F40FF41CF2C71E0073E9D9 /* AWS_UploadImage */,
				B9F410081CF2C71E0073E9D9 /* AWS_UploadImageTests */,
				B9F410131CF2C71E0073E9D9 /* AWS_UploadImageUITests */,
			);
		};
/* End PBXProject section */

/* Begin PBXResourcesBuildPhase section */
		B9F40FF31CF2C71E0073E9D9 /* Resources */ = {
			isa = PBXResourcesBuildPhase;
			buildActionMask = 2147483647;
			files = (
				B9F410031CF2C71E0073E9D9 /* LaunchScreen.storyboard in Resources */,
				B9F410001CF2C71E0073E9D9 /* Assets.xcassets in Resources */,
				B9F40FFE1CF2C71E0073E9D9 /* Main.storyboard in Resources */,
				B9F410291CF2D9610073E9D9 /* test.jpg in Resources */,
			);
			runOnlyForDeploymentPostprocessing = 0;
		};
		B9F410071CF2C71E0073E9D9 /* Resources */ = {
			isa = PBXResourcesBuildPhase;
			buildActionMask = 2147483647;
			files = (
			);
			runOnlyForDeploymentPostprocessing = 0;
		};
		B9F410121CF2C71E0073E9D9 /* Resources */ = {
			isa = PBXResourcesBuildPhase;
			buildActionMask = 2147483647;
			files = (
			);
			runOnlyForDeploymentPostprocessing = 0;
		};
/* End PBXResourcesBuildPhase section */

/* Begin PBXShellScriptBuildPhase section */
		3E0CAB57DAAFE409CC3B68A4 /* [CP] Embed Pods Frameworks */ = {
			isa = PBXShellScriptBuildPhase;
			buildActionMask = 2147483647;
			files = (
			);
			inputPaths = (
				"${SRCROOT}/Pods/Target Support Files/Pods-AWS_UploadImage/Pods-AWS_UploadImage-frameworks.sh",
				"${BUILT_PRODUCTS_DIR}/AWSCore/AWSCore.framework",
				"${BUILT_PRODUCTS_DIR}/AWSS3/AWSS3.framework",
			);
			name = "[CP] Embed Pods Frameworks";
			outputPaths = (
				"${TARGET_BUILD_DIR}/${FRAMEWORKS_FOLDER_PATH}/AWSCore.framework",
				"${TARGET_BUILD_DIR}/${FRAMEWORKS_FOLDER_PATH}/AWSS3.framework",
			);
			runOnlyForDeploymentPostprocessing = 0;
			shellPath = /bin/sh;
			shellScript = "\"${SRCROOT}/Pods/Target Support Files/Pods-AWS_UploadImage/Pods-AWS_UploadImage-frameworks.sh\"\n";
			showEnvVarsInLog = 0;
		};
		8F063D9763715EFC2C3CDF08 /* [CP] Check Pods Manifest.lock */ = {
			isa = PBXShellScriptBuildPhase;
			buildActionMask = 2147483647;
			files = (
			);
			inputPaths = (
				"${PODS_PODFILE_DIR_PATH}/Podfile.lock",
				"${PODS_ROOT}/Manifest.lock",
			);
			name = "[CP] Check Pods Manifest.lock";
			outputPaths = (
				"$(DERIVED_FILE_DIR)/Pods-AWS_UploadImage-checkManifestLockResult.txt",
			);
			runOnlyForDeploymentPostprocessing = 0;
			shellPath = /bin/sh;
			shellScript = "diff \"${PODS_PODFILE_DIR_PATH}/Podfile.lock\" \"${PODS_ROOT}/Manifest.lock\" > /dev/null\nif [ $? != 0 ] ; then\n    # print error to STDERR\n    echo \"error: The sandbox is not in sync with the Podfile.lock. Run 'pod install' or update your CocoaPods installation.\" >&2\n    exit 1\nfi\n# This output is used by Xcode 'outputs' to avoid re-running this script phase.\necho \"SUCCESS\" > \"${SCRIPT_OUTPUT_FILE_0}\"\n";
			showEnvVarsInLog = 0;
		};
		AF847EA655706F045C1879DF /* [CP] Copy Pods Resources */ = {
			isa = PBXShellScriptBuildPhase;
			buildActionMask = 2147483647;
			files = (
			);
			inputPaths = (
			);
			name = "[CP] Copy Pods Resources";
			outputPaths = (
			);
			runOnlyForDeploymentPostprocessing = 0;
			shellPath = /bin/sh;
			shellScript = "\"${SRCROOT}/Pods/Target Support Files/Pods-AWS_UploadImage/Pods-AWS_UploadImage-resources.sh\"\n";
			showEnvVarsInLog = 0;
		};
/* End PBXShellScriptBuildPhase section */

/* Begin PBXSourcesBuildPhase section */
		B9F40FF11CF2C71E0073E9D9 /* Sources */ = {
			isa = PBXSourcesBuildPhase;
			buildActionMask = 2147483647;
			files = (
				B9F40FFB1CF2C71E0073E9D9 /* ViewController.swift in Sources */,
				B9F40FF91CF2C71E0073E9D9 /* AppDelegate.swift in Sources */,
			);
			runOnlyForDeploymentPostprocessing = 0;
		};
		B9F410051CF2C71E0073E9D9 /* Sources */ = {
			isa = PBXSourcesBuildPhase;
			buildActionMask = 2147483647;
			files = (
				B9F4100E1CF2C71E0073E9D9 /* AWS_UploadImageTests.swift in Sources */,
			);
			runOnlyForDeploymentPostprocessing = 0;
		};
		B9F410101CF2C71E0073E9D9 /* Sources */ = {
			isa = PBXSourcesBuildPhase;
			buildActionMask = 2147483647;
			files = (
				B9F410191CF2C71E0073E9D9 /* AWS_UploadImageUITests.swift in Sources */,
			);
			runOnlyForDeploymentPostprocessing = 0;
		};
/* End PBXSourcesBuildPhase section */

/* Begin PBXTargetDependency section */
		B9F4100B1CF2C71E0073E9D9 /* PBXTargetDependency */ = {
			isa = PBXTargetDependency;
			target = B9F40FF41CF2C71E0073E9D9 /* AWS_UploadImage */;
			targetProxy = B9F4100A1CF2C71E0073E9D9 /* PBXContainerItemProxy */;
		};
		B9F410161CF2C71E0073E9D9 /* PBXTargetDependency */ = {
			isa = PBXTargetDependency;
			target = B9F40FF41CF2C71E0073E9D9 /* AWS_UploadImage */;
			targetProxy = B9F410151CF2C71E0073E9D9 /* PBXContainerItemProxy */;
		};
/* End PBXTargetDependency section */

/* Begin PBXVariantGroup section */
		B9F40FFC1CF2C71E0073E9D9 /* Main.storyboard */ = {
			isa = PBXVariantGroup;
			children = (
				B9F40FFD1CF2C71E0073E9D9 /* Base */,
			);
			name = Main.storyboard;
			sourceTree = "<group>";
		};
		B9F410011CF2C71E0073E9D9 /* LaunchScreen.storyboard */ = {
			isa = PBXVariantGroup;
			children = (
				B9F410021CF2C71E0073E9D9 /* Base */,
			);
			name = LaunchScreen.storyboard;
			sourceTree = "<group>";
		};
/* End PBXVariantGroup section */

/* Begin XCBuildConfiguration section */
		B9F4101B1CF2C71E0073E9D9 /* Debug */ = {
			isa = XCBuildConfiguration;
			buildSettings = {
				ALWAYS_SEARCH_USER_PATHS = NO;
				CLANG_ANALYZER_NONNULL = YES;
				CLANG_CXX_LANGUAGE_STANDARD = "gnu++0x";
				CLANG_CXX_LIBRARY = "libc++";
				CLANG_ENABLE_MODULES = YES;
				CLANG_ENABLE_OBJC_ARC = YES;
				CLANG_WARN_BOOL_CONVERSION = YES;
				CLANG_WARN_CONSTANT_CONVERSION = YES;
				CLANG_WARN_DIRECT_OBJC_ISA_USAGE = YES_ERROR;
				CLANG_WARN_EMPTY_BODY = YES;
				CLANG_WARN_ENUM_CONVERSION = YES;
				CLANG_WARN_INT_CONVERSION = YES;
				CLANG_WARN_OBJC_ROOT_CLASS = YES_ERROR;
				CLANG_WARN_UNREACHABLE_CODE = YES;
				CLANG_WARN__DUPLICATE_METHOD_MATCH = YES;
				"CODE_SIGN_IDENTITY[sdk=iphoneos*]" = "iPhone Developer";
				COPY_PHASE_STRIP = NO;
				DEBUG_INFORMATION_FORMAT = dwarf;
				ENABLE_STRICT_OBJC_MSGSEND = YES;
				ENABLE_TESTABILITY = YES;
				GCC_C_LANGUAGE_STANDARD = gnu99;
				GCC_DYNAMIC_NO_PIC = NO;
				GCC_NO_COMMON_BLOCKS = YES;
				GCC_OPTIMIZATION_LEVEL = 0;
				GCC_PREPROCESSOR_DEFINITIONS = (
					"DEBUG=1",
					"$(inherited)",
				);
				GCC_WARN_64_TO_32_BIT_CONVERSION = YES;
				GCC_WARN_ABOUT_RETURN_TYPE = YES_ERROR;
				GCC_WARN_UNDECLARED_SELECTOR = YES;
				GCC_WARN_UNINITIALIZED_AUTOS = YES_AGGRESSIVE;
				GCC_WARN_UNUSED_FUNCTION = YES;
				GCC_WARN_UNUSED_VARIABLE = YES;
				IPHONEOS_DEPLOYMENT_TARGET = 9.3;
				MTL_ENABLE_DEBUG_INFO = YES;
				ONLY_ACTIVE_ARCH = YES;
				SDKROOT = iphoneos;
				SWIFT_OPTIMIZATION_LEVEL = "-Onone";
			};
			name = Debug;
		};
		B9F4101C1CF2C71E0073E9D9 /* Release */ = {
			isa = XCBuildConfiguration;
			buildSettings = {
				ALWAYS_SEARCH_USER_PATHS = NO;
				CLANG_ANALYZER_NONNULL = YES;
				CLANG_CXX_LANGUAGE_STANDARD = "gnu++0x";
				CLANG_CXX_LIBRARY = "libc++";
				CLANG_ENABLE_MODULES = YES;
				CLANG_ENABLE_OBJC_ARC = YES;
				CLANG_WARN_BOOL_CONVERSION = YES;
				CLANG_WARN_CONSTANT_CONVERSION = YES;
				CLANG_WARN_DIRECT_OBJC_ISA_USAGE = YES_ERROR;
				CLANG_WARN_EMPTY_BODY = YES;
				CLANG_WARN_ENUM_CONVERSION = YES;
				CLANG_WARN_INT_CONVERSION = YES;
				CLANG_WARN_OBJC_ROOT_CLASS = YES_ERROR;
				CLANG_WARN_UNREACHABLE_CODE = YES;
				CLANG_WARN__DUPLICATE_METHOD_MATCH = YES;
				"CODE_SIGN_IDENTITY[sdk=iphoneos*]" = "iPhone Developer";
				COPY_PHASE_STRIP = NO;
				DEBUG_INFORMATION_FORMAT = "dwarf-with-dsym";
				ENABLE_NS_ASSERTIONS = NO;
				ENABLE_STRICT_OBJC_MSGSEND = YES;
				GCC_C_LANGUAGE_STANDARD = gnu99;
				GCC_NO_COMMON_BLOCKS = YES;
				GCC_WARN_64_TO_32_BIT_CONVERSION = YES;
				GCC_WARN_ABOUT_RETURN_TYPE = YES_ERROR;
				GCC_WARN_UNDECLARED_SELECTOR = YES;
				GCC_WARN_UNINITIALIZED_AUTOS = YES_AGGRESSIVE;
				GCC_WARN_UNUSED_FUNCTION = YES;
				GCC_WARN_UNUSED_VARIABLE = YES;
				IPHONEOS_DEPLOYMENT_TARGET = 9.3;
				MTL_ENABLE_DEBUG_INFO = NO;
				SDKROOT = iphoneos;
				VALIDATE_PRODUCT = YES;
			};
			name = Release;
		};
		B9F4101E1CF2C71E0073E9D9 /* Debug */ = {
			isa = XCBuildConfiguration;
			baseConfigurationReference = 20975A8FC965DE786BD5209A /* Pods-AWS_UploadImage.debug.xcconfig */;
			buildSettings = {
				ASSETCATALOG_COMPILER_APPICON_NAME = AppIcon;
				DEVELOPMENT_TEAM = F29MNDM4PA;
				INFOPLIST_FILE = AWS_UploadImage/Info.plist;
				LD_RUNPATH_SEARCH_PATHS = "$(inherited) @executable_path/Frameworks";
				PRODUCT_BUNDLE_IDENTIFIER = "com.microduino.AWS-UploadImage";
				PRODUCT_NAME = "$(TARGET_NAME)";
				SWIFT_OBJC_BRIDGING_HEADER = "AWS_UploadImage/AWS_UploadImage-Bridge-Header.h";
				SWIFT_VERSION = 4.0;
			};
			name = Debug;
		};
		B9F4101F1CF2C71E0073E9D9 /* Release */ = {
			isa = XCBuildConfiguration;
			baseConfigurationReference = 2B58B1E8CEFD8E278AA32F65 /* Pods-AWS_UploadImage.release.xcconfig */;
			buildSettings = {
				ASSETCATALOG_COMPILER_APPICON_NAME = AppIcon;
				DEVELOPMENT_TEAM = F29MNDM4PA;
				INFOPLIST_FILE = AWS_UploadImage/Info.plist;
				LD_RUNPATH_SEARCH_PATHS = "$(inherited) @executable_path/Frameworks";
				PRODUCT_BUNDLE_IDENTIFIER = "com.microduino.AWS-UploadImage";
				PRODUCT_NAME = "$(TARGET_NAME)";
				SWIFT_OBJC_BRIDGING_HEADER = "AWS_UploadImage/AWS_UploadImage-Bridge-Header.h";
				SWIFT_VERSION = 4.0;
			};
			name = Release;
		};
		B9F410211CF2C71E0073E9D9 /* Debug */ = {
			isa = XCBuildConfiguration;
			buildSettings = {
				BUNDLE_LOADER = "$(TEST_HOST)";
				INFOPLIST_FILE = AWS_UploadImageTests/Info.plist;
				LD_RUNPATH_SEARCH_PATHS = "$(inherited) @executable_path/Frameworks @loader_path/Frameworks";
				PRODUCT_BUNDLE_IDENTIFIER = "com.microduino.AWS-UploadImageTests";
				PRODUCT_NAME = "$(TARGET_NAME)";
				TEST_HOST = "$(BUILT_PRODUCTS_DIR)/AWS_UploadImage.app/AWS_UploadImage";
			};
			name = Debug;
		};
		B9F410221CF2C71E0073E9D9 /* Release */ = {
			isa = XCBuildConfiguration;
			buildSettings = {
				BUNDLE_LOADER = "$(TEST_HOST)";
				INFOPLIST_FILE = AWS_UploadImageTests/Info.plist;
				LD_RUNPATH_SEARCH_PATHS = "$(inherited) @executable_path/Frameworks @loader_path/Frameworks";
				PRODUCT_BUNDLE_IDENTIFIER = "com.microduino.AWS-UploadImageTests";
				PRODUCT_NAME = "$(TARGET_NAME)";
				TEST_HOST = "$(BUILT_PRODUCTS_DIR)/AWS_UploadImage.app/AWS_UploadImage";
			};
			name = Release;
		};
		B9F410241CF2C71E0073E9D9 /* Debug */ = {
			isa = XCBuildConfiguration;
			buildSettings = {
				INFOPLIST_FILE = AWS_UploadImageUITests/Info.plist;
				LD_RUNPATH_SEARCH_PATHS = "$(inherited) @executable_path/Frameworks @loader_path/Frameworks";
				PRODUCT_BUNDLE_IDENTIFIER = "com.microduino.AWS-UploadImageUITests";
				PRODUCT_NAME = "$(TARGET_NAME)";
				TEST_TARGET_NAME = AWS_UploadImage;
			};
			name = Debug;
		};
		B9F410251CF2C71E0073E9D9 /* Release */ = {
			isa = XCBuildConfiguration;
			buildSettings = {
				INFOPLIST_FILE = AWS_UploadImageUITests/Info.plist;
				LD_RUNPATH_SEARCH_PATHS = "$(inherited) @executable_path/Frameworks @loader_path/Frameworks";
				PRODUCT_BUNDLE_IDENTIFIER = "com.microduino.AWS-UploadImageUITests";
				PRODUCT_NAME = "$(TARGET_NAME)";
				TEST_TARGET_NAME = AWS_UploadImage;
			};
			name = Release;
		};
/* End XCBuildConfiguration section */

/* Begin XCConfigurationList section */
		B9F40FF01CF2C71E0073E9D9 /* Build configuration list for PBXProject "AWS_UploadImage" */ = {
			isa = XCConfigurationList;
			buildConfigurations = (
				B9F4101B1CF2C71E0073E9D9 /* Debug */,
				B9F4101C1CF2C71E0073E9D9 /* Release */,
			);
			defaultConfigurationIsVisible = 0;
			defaultConfigurationName = Release;
		};
		B9F4101D1CF2C71E0073E9D9 /* Build configuration list for PBXNativeTarget "AWS_UploadImage" */ = {
			isa = XCConfigurationList;
			buildConfigurations = (
				B9F4101E1CF2C71E0073E9D9 /* Debug */,
				B9F4101F1CF2C71E0073E9D9 /* Release */,
			);
			defaultConfigurationIsVisible = 0;
			defaultConfigurationName = Release;
		};
		B9F410201CF2C71E0073E9D9 /* Build configuration list for PBXNativeTarget "AWS_UploadImageTests" */ = {
			isa = XCConfigurationList;
			buildConfigurations = (
				B9F410211CF2C71E0073E9D9 /* Debug */,
				B9F410221CF2C71E0073E9D9 /* Release */,
			);
			defaultConfigurationIsVisible = 0;
			defaultConfigurationName = Release;
		};
		B9F410231CF2C71E0073E9D9 /* Build configuration list for PBXNativeTarget "AWS_UploadImageUITests" */ = {
			isa = XCConfigurationList;
			buildConfigurations = (
				B9F410241CF2C71E0073E9D9 /* Debug */,
				B9F410251CF2C71E0073E9D9 /* Release */,
			);
			defaultConfigurationIsVisible = 0;
			defaultConfigurationName = Release;
		};
/* End XCConfigurationList section */
	};
	rootObject = B9F40FED1CF2C71E0073E9D9 /* Project object */;
}
